// !$*UTF8*$!
{
	archiveVersion = 1;
	classes = {
	};
	objectVersion = 56;
	objects = {

/* Begin PBXBuildFile section */
		852DA1E62952646F000DBB7A /* Colors_RGBaApp.swift in Sources */ = {isa = PBXBuildFile; fileRef = 852DA1E52952646F000DBB7A /* Colors_RGBaApp.swift */; };
		852DA1E82952646F000DBB7A /* ContentView.swift in Sources */ = {isa = PBXBuildFile; fileRef = 852DA1E72952646F000DBB7A /* ContentView.swift */; };
		852DA1EA29526471000DBB7A /* Assets.xcassets in Resources */ = {isa = PBXBuildFile; fileRef = 852DA1E929526471000DBB7A /* Assets.xcassets */; };
		852DA1EE29526471000DBB7A /* Preview Assets.xcassets in Resources */ = {isa = PBXBuildFile; fileRef = 852DA1ED29526471000DBB7A /* Preview Assets.xcassets */; };
		852DA1F829526471000DBB7A /* Colors_RGBaTests.swift in Sources */ = {isa = PBXBuildFile; fileRef = 852DA1F729526471000DBB7A /* Colors_RGBaTests.swift */; };
		852DA20229526471000DBB7A /* Colors_RGBaUITests.swift in Sources */ = {isa = PBXBuildFile; fileRef = 852DA20129526471000DBB7A /* Colors_RGBaUITests.swift */; };
		852DA20429526471000DBB7A /* Colors_RGBaUITestsLaunchTests.swift in Sources */ = {isa = PBXBuildFile; fileRef = 852DA20329526471000DBB7A /* Colors_RGBaUITestsLaunchTests.swift */; };
/* End PBXBuildFile section */

/* Begin PBXContainerItemProxy section */
		852DA1F429526471000DBB7A /* PBXContainerItemProxy */ = {
			isa = PBXContainerItemProxy;
			containerPortal = 852DA1DA2952646F000DBB7A /* Project object */;
			proxyType = 1;
			remoteGlobalIDString = 852DA1E12952646F000DBB7A;
			remoteInfo = "Colors RGBa";
		};
		852DA1FE29526471000DBB7A /* PBXContainerItemProxy */ = {
			isa = PBXContainerItemProxy;
			containerPortal = 852DA1DA2952646F000DBB7A /* Project object */;
			proxyType = 1;
			remoteGlobalIDString = 852DA1E12952646F000DBB7A;
			remoteInfo = "Colors RGBa";
		};
/* End PBXContainerItemProxy section */

/* Begin PBXFileReference section */
		852DA1E22952646F000DBB7A /* Colors RGBa.app */ = {isa = PBXFileReference; explicitFileType = wrapper.application; includeInIndex = 0; path = "Colors RGBa.app"; sourceTree = BUILT_PRODUCTS_DIR; };
		852DA1E52952646F000DBB7A /* Colors_RGBaApp.swift */ = {isa = PBXFileReference; lastKnownFileType = sourcecode.swift; path = Colors_RGBaApp.swift; sourceTree = "<group>"; };
		852DA1E72952646F000DBB7A /* ContentView.swift */ = {isa = PBXFileReference; lastKnownFileType = sourcecode.swift; path = ContentView.swift; sourceTree = "<group>"; };
		852DA1E929526471000DBB7A /* Assets.xcassets */ = {isa = PBXFileReference; lastKnownFileType = folder.assetcatalog; path = Assets.xcassets; sourceTree = "<group>"; };
		852DA1EB29526471000DBB7A /* Colors_RGBa.entitlements */ = {isa = PBXFileReference; lastKnownFileType = text.plist.entitlements; path = Colors_RGBa.entitlements; sourceTree = "<group>"; };
		852DA1ED29526471000DBB7A /* Preview Assets.xcassets */ = {isa = PBXFileReference; lastKnownFileType = folder.assetcatalog; path = "Preview Assets.xcassets"; sourceTree = "<group>"; };
		852DA1F329526471000DBB7A /* Colors RGBaTests.xctest */ = {isa = PBXFileReference; explicitFileType = wrapper.cfbundle; includeInIndex = 0; path = "Colors RGBaTests.xctest"; sourceTree = BUILT_PRODUCTS_DIR; };
		852DA1F729526471000DBB7A /* Colors_RGBaTests.swift */ = {isa = PBXFileReference; lastKnownFileType = sourcecode.swift; path = Colors_RGBaTests.swift; sourceTree = "<group>"; };
		852DA1FD29526471000DBB7A /* Colors RGBaUITests.xctest */ = {isa = PBXFileReference; explicitFileType = wrapper.cfbundle; includeInIndex = 0; path = "Colors RGBaUITests.xctest"; sourceTree = BUILT_PRODUCTS_DIR; };
		852DA20129526471000DBB7A /* Colors_RGBaUITests.swift */ = {isa = PBXFileReference; lastKnownFileType = sourcecode.swift; path = Colors_RGBaUITests.swift; sourceTree = "<group>"; };
		852DA20329526471000DBB7A /* Colors_RGBaUITestsLaunchTests.swift */ = {isa = PBXFileReference; lastKnownFileType = sourcecode.swift; path = Colors_RGBaUITestsLaunchTests.swift; sourceTree = "<group>"; };
/* End PBXFileReference section */

/* Begin PBXFrameworksBuildPhase section */
		852DA1DF2952646F000DBB7A /* Frameworks */ = {
			isa = PBXFrameworksBuildPhase;
			buildActionMask = 2147483647;
			files = (
			);
			runOnlyForDeploymentPostprocessing = 0;
		};
		852DA1F029526471000DBB7A /* Frameworks */ = {
			isa = PBXFrameworksBuildPhase;
			buildActionMask = 2147483647;
			files = (
			);
			runOnlyForDeploymentPostprocessing = 0;
		};
		852DA1FA29526471000DBB7A /* Frameworks */ = {
			isa = PBXFrameworksBuildPhase;
			buildActionMask = 2147483647;
			files = (
			);
			runOnlyForDeploymentPostprocessing = 0;
		};
/* End PBXFrameworksBuildPhase section */

/* Begin PBXGroup section */
		852DA1D92952646F000DBB7A = {
			isa = PBXGroup;
			children = (
				852DA1E42952646F000DBB7A /* Colors RGBa */,
				852DA1F629526471000DBB7A /* Colors RGBaTests */,
				852DA20029526471000DBB7A /* Colors RGBaUITests */,
				852DA1E32952646F000DBB7A /* Products */,
			);
			sourceTree = "<group>";
		};
		852DA1E32952646F000DBB7A /* Products */ = {
			isa = PBXGroup;
			children = (
				852DA1E22952646F000DBB7A /* Colors RGBa.app */,
				852DA1F329526471000DBB7A /* Colors RGBaTests.xctest */,
				852DA1FD29526471000DBB7A /* Colors RGBaUITests.xctest */,
			);
			name = Products;
			sourceTree = "<group>";
		};
		852DA1E42952646F000DBB7A /* Colors RGBa */ = {
			isa = PBXGroup;
			children = (
				852DA1E52952646F000DBB7A /* Colors_RGBaApp.swift */,
				852DA1E72952646F000DBB7A /* ContentView.swift */,
				852DA1E929526471000DBB7A /* Assets.xcassets */,
				852DA1EB29526471000DBB7A /* Colors_RGBa.entitlements */,
				852DA1EC29526471000DBB7A /* Preview Content */,
			);
			path = "Colors RGBa";
			sourceTree = "<group>";
		};
		852DA1EC29526471000DBB7A /* Preview Content */ = {
			isa = PBXGroup;
			children = (
				852DA1ED29526471000DBB7A /* Preview Assets.xcassets */,
			);
			path = "Preview Content";
			sourceTree = "<group>";
		};
		852DA1F629526471000DBB7A /* Colors RGBaTests */ = {
			isa = PBXGroup;
			children = (
				852DA1F729526471000DBB7A /* Colors_RGBaTests.swift */,
			);
			path = "Colors RGBaTests";
			sourceTree = "<group>";
		};
		852DA20029526471000DBB7A /* Colors RGBaUITests */ = {
			isa = PBXGroup;
			children = (
				852DA20129526471000DBB7A /* Colors_RGBaUITests.swift */,
				852DA20329526471000DBB7A /* Colors_RGBaUITestsLaunchTests.swift */,
			);
			path = "Colors RGBaUITests";
			sourceTree = "<group>";
		};
/* End PBXGroup section */

/* Begin PBXNativeTarget section */
		852DA1E12952646F000DBB7A /* Colors RGBa */ = {
			isa = PBXNativeTarget;
			buildConfigurationList = 852DA20729526471000DBB7A /* Build configuration list for PBXNativeTarget "Colors RGBa" */;
			buildPhases = (
				852DA1DE2952646F000DBB7A /* Sources */,
				852DA1DF2952646F000DBB7A /* Frameworks */,
				852DA1E02952646F000DBB7A /* Resources */,
			);
			buildRules = (
			);
			dependencies = (
			);
			name = "Colors RGBa";
			productName = "Colors RGBa";
			productReference = 852DA1E22952646F000DBB7A /* Colors RGBa.app */;
			productType = "com.apple.product-type.application";
		};
		852DA1F229526471000DBB7A /* Colors RGBaTests */ = {
			isa = PBXNativeTarget;
			buildConfigurationList = 852DA20A29526471000DBB7A /* Build configuration list for PBXNativeTarget "Colors RGBaTests" */;
			buildPhases = (
				852DA1EF29526471000DBB7A /* Sources */,
				852DA1F029526471000DBB7A /* Frameworks */,
				852DA1F129526471000DBB7A /* Resources */,
			);
			buildRules = (
			);
			dependencies = (
				852DA1F529526471000DBB7A /* PBXTargetDependency */,
			);
			name = "Colors RGBaTests";
			productName = "Colors RGBaTests";
			productReference = 852DA1F329526471000DBB7A /* Colors RGBaTests.xctest */;
			productType = "com.apple.product-type.bundle.unit-test";
		};
		852DA1FC29526471000DBB7A /* Colors RGBaUITests */ = {
			isa = PBXNativeTarget;
			buildConfigurationList = 852DA20D29526471000DBB7A /* Build configuration list for PBXNativeTarget "Colors RGBaUITests" */;
			buildPhases = (
				852DA1F929526471000DBB7A /* Sources */,
				852DA1FA29526471000DBB7A /* Frameworks */,
				852DA1FB29526471000DBB7A /* Resources */,
			);
			buildRules = (
			);
			dependencies = (
				852DA1FF29526471000DBB7A /* PBXTargetDependency */,
			);
			name = "Colors RGBaUITests";
			productName = "Colors RGBaUITests";
			productReference = 852DA1FD29526471000DBB7A /* Colors RGBaUITests.xctest */;
			productType = "com.apple.product-type.bundle.ui-testing";
		};
/* End PBXNativeTarget section */

/* Begin PBXProject section */
		852DA1DA2952646F000DBB7A /* Project object */ = {
			isa = PBXProject;
			attributes = {
				BuildIndependentTargetsInParallel = 1;
				LastSwiftUpdateCheck = 1420;
				LastUpgradeCheck = 1420;
				TargetAttributes = {
					852DA1E12952646F000DBB7A = {
						CreatedOnToolsVersion = 14.2;
					};
					852DA1F229526471000DBB7A = {
						CreatedOnToolsVersion = 14.2;
						TestTargetID = 852DA1E12952646F000DBB7A;
					};
					852DA1FC29526471000DBB7A = {
						CreatedOnToolsVersion = 14.2;
						TestTargetID = 852DA1E12952646F000DBB7A;
					};
				};
			};
			buildConfigurationList = 852DA1DD2952646F000DBB7A /* Build configuration list for PBXProject "Colors RGBa" */;
			compatibilityVersion = "Xcode 14.0";
			developmentRegion = en;
			hasScannedForEncodings = 0;
			knownRegions = (
				en,
				Base,
			);
			mainGroup = 852DA1D92952646F000DBB7A;
			productRefGroup = 852DA1E32952646F000DBB7A /* Products */;
			projectDirPath = "";
			projectRoot = "";
			targets = (
				852DA1E12952646F000DBB7A /* Colors RGBa */,
				852DA1F229526471000DBB7A /* Colors RGBaTests */,
				852DA1FC29526471000DBB7A /* Colors RGBaUITests */,
			);
		};
/* End PBXProject section */

/* Begin PBXResourcesBuildPhase section */
		852DA1E02952646F000DBB7A /* Resources */ = {
			isa = PBXResourcesBuildPhase;
			buildActionMask = 2147483647;
			files = (
				852DA1EE29526471000DBB7A /* Preview Assets.xcassets in Resources */,
				852DA1EA29526471000DBB7A /* Assets.xcassets in Resources */,
			);
			runOnlyForDeploymentPostprocessing = 0;
		};
		852DA1F129526471000DBB7A /* Resources */ = {
			isa = PBXResourcesBuildPhase;
			buildActionMask = 2147483647;
			files = (
			);
			runOnlyForDeploymentPostprocessing = 0;
		};
		852DA1FB29526471000DBB7A /* Resources */ = {
			isa = PBXResourcesBuildPhase;
			buildActionMask = 2147483647;
			files = (
			);
			runOnlyForDeploymentPostprocessing = 0;
		};
/* End PBXResourcesBuildPhase section */

/* Begin PBXSourcesBuildPhase section */
		852DA1DE2952646F000DBB7A /* Sources */ = {
			isa = PBXSourcesBuildPhase;
			buildActionMask = 2147483647;
			files = (
				852DA1E82952646F000DBB7A /* ContentView.swift in Sources */,
				852DA1E62952646F000DBB7A /* Colors_RGBaApp.swift in Sources */,
			);
			runOnlyForDeploymentPostprocessing = 0;
		};
		852DA1EF29526471000DBB7A /* Sources */ = {
			isa = PBXSourcesBuildPhase;
			buildActionMask = 2147483647;
			files = (
				852DA1F829526471000DBB7A /* Colors_RGBaTests.swift in Sources */,
			);
			runOnlyForDeploymentPostprocessing = 0;
		};
		852DA1F929526471000DBB7A /* Sources */ = {
			isa = PBXSourcesBuildPhase;
			buildActionMask = 2147483647;
			files = (
				852DA20429526471000DBB7A /* Colors_RGBaUITestsLaunchTests.swift in Sources */,
				852DA20229526471000DBB7A /* Colors_RGBaUITests.swift in Sources */,
			);
			runOnlyForDeploymentPostprocessing = 0;
		};
/* End PBXSourcesBuildPhase section */

/* Begin PBXTargetDependency section */
		852DA1F529526471000DBB7A /* PBXTargetDependency */ = {
			isa = PBXTargetDependency;
			target = 852DA1E12952646F000DBB7A /* Colors RGBa */;
			targetProxy = 852DA1F429526471000DBB7A /* PBXContainerItemProxy */;
		};
		852DA1FF29526471000DBB7A /* PBXTargetDependency */ = {
			isa = PBXTargetDependency;
			target = 852DA1E12952646F000DBB7A /* Colors RGBa */;
			targetProxy = 852DA1FE29526471000DBB7A /* PBXContainerItemProxy */;
		};
/* End PBXTargetDependency section */

/* Begin XCBuildConfiguration section */
		852DA20529526471000DBB7A /* Debug */ = {
			isa = XCBuildConfiguration;
			buildSettings = {
				ALWAYS_SEARCH_USER_PATHS = NO;
				CLANG_ANALYZER_NONNULL = YES;
				CLANG_ANALYZER_NUMBER_OBJECT_CONVERSION = YES_AGGRESSIVE;
				CLANG_CXX_LANGUAGE_STANDARD = "gnu++20";
				CLANG_ENABLE_MODULES = YES;
				CLANG_ENABLE_OBJC_ARC = YES;
				CLANG_ENABLE_OBJC_WEAK = YES;
				CLANG_WARN_BLOCK_CAPTURE_AUTORELEASING = YES;
				CLANG_WARN_BOOL_CONVERSION = YES;
				CLANG_WARN_COMMA = YES;
				CLANG_WARN_CONSTANT_CONVERSION = YES;
				CLANG_WARN_DEPRECATED_OBJC_IMPLEMENTATIONS = YES;
				CLANG_WARN_DIRECT_OBJC_ISA_USAGE = YES_ERROR;
				CLANG_WARN_DOCUMENTATION_COMMENTS = YES;
				CLANG_WARN_EMPTY_BODY = YES;
				CLANG_WARN_ENUM_CONVERSION = YES;
				CLANG_WARN_INFINITE_RECURSION = YES;
				CLANG_WARN_INT_CONVERSION = YES;
				CLANG_WARN_NON_LITERAL_NULL_CONVERSION = YES;
				CLANG_WARN_OBJC_IMPLICIT_RETAIN_SELF = YES;
				CLANG_WARN_OBJC_LITERAL_CONVERSION = YES;
				CLANG_WARN_OBJC_ROOT_CLASS = YES_ERROR;
				CLANG_WARN_QUOTED_INCLUDE_IN_FRAMEWORK_HEADER = YES;
				CLANG_WARN_RANGE_LOOP_ANALYSIS = YES;
				CLANG_WARN_STRICT_PROTOTYPES = YES;
				CLANG_WARN_SUSPICIOUS_MOVE = YES;
				CLANG_WARN_UNGUARDED_AVAILABILITY = YES_AGGRESSIVE;
				CLANG_WARN_UNREACHABLE_CODE = YES;
				CLANG_WARN__DUPLICATE_METHOD_MATCH = YES;
				COPY_PHASE_STRIP = NO;
				DEBUG_INFORMATION_FORMAT = dwarf;
				ENABLE_STRICT_OBJC_MSGSEND = YES;
				ENABLE_TESTABILITY = YES;
				GCC_C_LANGUAGE_STANDARD = gnu11;
				GCC_DYNAMIC_NO_PIC = NO;
				GCC_NO_COMMON_BLOCKS = YES;
				GCC_OPTIMIZATION_LEVEL = 0;
				GCC_PREPROCESSOR_DEFINITIONS = (
					"DEBUG=1",
					"$(inherited)",
				);
				GCC_WARN_64_TO_32_BIT_CONVERSION = YES;
				GCC_WARN_ABOUT_RETURN_TYPE = YES_ERROR;
				GCC_WARN_UNDECLARED_SELECTOR = YES;
				GCC_WARN_UNINITIALIZED_AUTOS = YES_AGGRESSIVE;
				GCC_WARN_UNUSED_FUNCTION = YES;
				GCC_WARN_UNUSED_VARIABLE = YES;
				MTL_ENABLE_DEBUG_INFO = INCLUDE_SOURCE;
				MTL_FAST_MATH = YES;
				ONLY_ACTIVE_ARCH = YES;
				SWIFT_ACTIVE_COMPILATION_CONDITIONS = DEBUG;
				SWIFT_OPTIMIZATION_LEVEL = "-Onone";
			};
			name = Debug;
		};
		852DA20629526471000DBB7A /* Release */ = {
			isa = XCBuildConfiguration;
			buildSettings = {
				ALWAYS_SEARCH_USER_PATHS = NO;
				CLANG_ANALYZER_NONNULL = YES;
				CLANG_ANALYZER_NUMBER_OBJECT_CONVERSION = YES_AGGRESSIVE;
				CLANG_CXX_LANGUAGE_STANDARD = "gnu++20";
				CLANG_ENABLE_MODULES = YES;
				CLANG_ENABLE_OBJC_ARC = YES;
				CLANG_ENABLE_OBJC_WEAK = YES;
				CLANG_WARN_BLOCK_CAPTURE_AUTORELEASING = YES;
				CLANG_WARN_BOOL_CONVERSION = YES;
				CLANG_WARN_COMMA = YES;
				CLANG_WARN_CONSTANT_CONVERSION = YES;
				CLANG_WARN_DEPRECATED_OBJC_IMPLEMENTATIONS = YES;
				CLANG_WARN_DIRECT_OBJC_ISA_USAGE = YES_ERROR;
				CLANG_WARN_DOCUMENTATION_COMMENTS = YES;
				CLANG_WARN_EMPTY_BODY = YES;
				CLANG_WARN_ENUM_CONVERSION = YES;
				CLANG_WARN_INFINITE_RECURSION = YES;
				CLANG_WARN_INT_CONVERSION = YES;
				CLANG_WARN_NON_LITERAL_NULL_CONVERSION = YES;
				CLANG_WARN_OBJC_IMPLICIT_RETAIN_SELF = YES;
				CLANG_WARN_OBJC_LITERAL_CONVERSION = YES;
				CLANG_WARN_OBJC_ROOT_CLASS = YES_ERROR;
				CLANG_WARN_QUOTED_INCLUDE_IN_FRAMEWORK_HEADER = YES;
				CLANG_WARN_RANGE_LOOP_ANALYSIS = YES;
				CLANG_WARN_STRICT_PROTOTYPES = YES;
				CLANG_WARN_SUSPICIOUS_MOVE = YES;
				CLANG_WARN_UNGUARDED_AVAILABILITY = YES_AGGRESSIVE;
				CLANG_WARN_UNREACHABLE_CODE = YES;
				CLANG_WARN__DUPLICATE_METHOD_MATCH = YES;
				COPY_PHASE_STRIP = NO;
				DEBUG_INFORMATION_FORMAT = "dwarf-with-dsym";
				ENABLE_NS_ASSERTIONS = NO;
				ENABLE_STRICT_OBJC_MSGSEND = YES;
				GCC_C_LANGUAGE_STANDARD = gnu11;
				GCC_NO_COMMON_BLOCKS = YES;
				GCC_WARN_64_TO_32_BIT_CONVERSION = YES;
				GCC_WARN_ABOUT_RETURN_TYPE = YES_ERROR;
				GCC_WARN_UNDECLARED_SELECTOR = YES;
				GCC_WARN_UNINITIALIZED_AUTOS = YES_AGGRESSIVE;
				GCC_WARN_UNUSED_FUNCTION = YES;
				GCC_WARN_UNUSED_VARIABLE = YES;
				MTL_ENABLE_DEBUG_INFO = NO;
				MTL_FAST_MATH = YES;
				SWIFT_COMPILATION_MODE = wholemodule;
				SWIFT_OPTIMIZATION_LEVEL = "-O";
			};
			name = Release;
		};
		852DA20829526471000DBB7A /* Debug */ = {
			isa = XCBuildConfiguration;
			buildSettings = {
				ASSETCATALOG_COMPILER_APPICON_NAME = AppIcon;
				ASSETCATALOG_COMPILER_GLOBAL_ACCENT_COLOR_NAME = AccentColor;
				CODE_SIGN_ENTITLEMENTS = "Colors RGBa/Colors_RGBa.entitlements";
				CODE_SIGN_STYLE = Automatic;
				CURRENT_PROJECT_VERSION = 1;
				DEVELOPMENT_ASSET_PATHS = "\"Colors RGBa/Preview Content\"";
				ENABLE_PREVIEWS = YES;
				GENERATE_INFOPLIST_FILE = YES;
				"INFOPLIST_KEY_UIApplicationSceneManifest_Generation[sdk=iphoneos*]" = YES;
				"INFOPLIST_KEY_UIApplicationSceneManifest_Generation[sdk=iphonesimulator*]" = YES;
				"INFOPLIST_KEY_UIApplicationSupportsIndirectInputEvents[sdk=iphoneos*]" = YES;
				"INFOPLIST_KEY_UIApplicationSupportsIndirectInputEvents[sdk=iphonesimulator*]" = YES;
				"INFOPLIST_KEY_UILaunchScreen_Generation[sdk=iphoneos*]" = YES;
				"INFOPLIST_KEY_UILaunchScreen_Generation[sdk=iphonesimulator*]" = YES;
				"INFOPLIST_KEY_UIStatusBarStyle[sdk=iphoneos*]" = UIStatusBarStyleDefault;
				"INFOPLIST_KEY_UIStatusBarStyle[sdk=iphonesimulator*]" = UIStatusBarStyleDefault;
				INFOPLIST_KEY_UISupportedInterfaceOrientations_iPad = "UIInterfaceOrientationPortrait UIInterfaceOrientationPortraitUpsideDown UIInterfaceOrientationLandscapeLeft UIInterfaceOrientationLandscapeRight";
				INFOPLIST_KEY_UISupportedInterfaceOrientations_iPhone = "UIInterfaceOrientationPortrait UIInterfaceOrientationLandscapeLeft UIInterfaceOrientationLandscapeRight";
				IPHONEOS_DEPLOYMENT_TARGET = 16.2;
				LD_RUNPATH_SEARCH_PATHS = "@executable_path/Frameworks";
				"LD_RUNPATH_SEARCH_PATHS[sdk=macosx*]" = "@executable_path/../Frameworks";
				MACOSX_DEPLOYMENT_TARGET = 13.1;
				MARKETING_VERSION = 1.0;
				PRODUCT_BUNDLE_IDENTIFIER = "orlandomoraesmartins.Colors-RGBa";
				PRODUCT_NAME = "$(TARGET_NAME)";
				SDKROOT = auto;
				SUPPORTED_PLATFORMS = "iphoneos iphonesimulator macosx";
				SWIFT_EMIT_LOC_STRINGS = YES;
				SWIFT_VERSION = 5.0;
				TARGETED_DEVICE_FAMILY = "1,2";
			};
			name = Debug;
		};
		852DA20929526471000DBB7A /* Release */ = {
			isa = XCBuildConfiguration;
			buildSettings = {
				ASSETCATALOG_COMPILER_APPICON_NAME = AppIcon;
				ASSETCATALOG_COMPILER_GLOBAL_ACCENT_COLOR_NAME = AccentColor;
				CODE_SIGN_ENTITLEMENTS = "Colors RGBa/Colors_RGBa.entitlements";
				CODE_SIGN_STYLE = Automatic;
				CURRENT_PROJECT_VERSION = 1;
				DEVELOPMENT_ASSET_PATHS = "\"Colors RGBa/Preview Content\"";
				ENABLE_PREVIEWS = YES;
				GENERATE_INFOPLIST_FILE = YES;
				"INFOPLIST_KEY_UIApplicationSceneManifest_Generation[sdk=iphoneos*]" = YES;
				"INFOPLIST_KEY_UIApplicationSceneManifest_Generation[sdk=iphonesimulator*]" = YES;
				"INFOPLIST_KEY_UIApplicationSupportsIndirectInputEvents[sdk=iphoneos*]" = YES;
				"INFOPLIST_KEY_UIApplicationSupportsIndirectInputEvents[sdk=iphonesimulator*]" = YES;
				"INFOPLIST_KEY_UILaunchScreen_Generation[sdk=iphoneos*]" = YES;
				"INFOPLIST_KEY_UILaunchScreen_Generation[sdk=iphonesimulator*]" = YES;
				"INFOPLIST_KEY_UIStatusBarStyle[sdk=iphoneos*]" = UIStatusBarStyleDefault;
				"INFOPLIST_KEY_UIStatusBarStyle[sdk=iphonesimulator*]" = UIStatusBarStyleDefault;
				INFOPLIST_KEY_UISupportedInterfaceOrientations_iPad = "UIInterfaceOrientationPortrait UIInterfaceOrientationPortraitUpsideDown UIInterfaceOrientationLandscapeLeft UIInterfaceOrientationLandscapeRight";
				INFOPLIST_KEY_UISupportedInterfaceOrientations_iPhone = "UIInterfaceOrientationPortrait UIInterfaceOrientationLandscapeLeft UIInterfaceOrientationLandscapeRight";
				IPHONEOS_DEPLOYMENT_TARGET = 16.2;
				LD_RUNPATH_SEARCH_PATHS = "@executable_path/Frameworks";
				"LD_RUNPATH_SEARCH_PATHS[sdk=macosx*]" = "@executable_path/../Frameworks";
				MACOSX_DEPLOYMENT_TARGET = 13.1;
				MARKETING_VERSION = 1.0;
				PRODUCT_BUNDLE_IDENTIFIER = "orlandomoraesmartins.Colors-RGBa";
				PRODUCT_NAME = "$(TARGET_NAME)";
				SDKROOT = auto;
				SUPPORTED_PLATFORMS = "iphoneos iphonesimulator macosx";
				SWIFT_EMIT_LOC_STRINGS = YES;
				SWIFT_VERSION = 5.0;
				TARGETED_DEVICE_FAMILY = "1,2";
			};
			name = Release;
		};
		852DA20B29526471000DBB7A /* Debug */ = {
			isa = XCBuildConfiguration;
			buildSettings = {
				ALWAYS_EMBED_SWIFT_STANDARD_LIBRARIES = YES;
				BUNDLE_LOADER = "$(TEST_HOST)";
				CODE_SIGN_STYLE = Automatic;
				CURRENT_PROJECT_VERSION = 1;
				GENERATE_INFOPLIST_FILE = YES;
				IPHONEOS_DEPLOYMENT_TARGET = 16.2;
				MACOSX_DEPLOYMENT_TARGET = 13.1;
				MARKETING_VERSION = 1.0;
				PRODUCT_BUNDLE_IDENTIFIER = "orlandomoraesmartins.Colors-RGBaTests";
				PRODUCT_NAME = "$(TARGET_NAME)";
				SDKROOT = auto;
				SUPPORTED_PLATFORMS = "iphoneos iphonesimulator macosx";
				SWIFT_EMIT_LOC_STRINGS = NO;
				SWIFT_VERSION = 5.0;
				TARGETED_DEVICE_FAMILY = "1,2";
				TEST_HOST = "$(BUILT_PRODUCTS_DIR)/Colors RGBa.app/$(BUNDLE_EXECUTABLE_FOLDER_PATH)/Colors RGBa";
			};
			name = Debug;
		};
		852DA20C29526471000DBB7A /* Release */ = {
			isa = XCBuildConfiguration;
			buildSettings = {
				ALWAYS_EMBED_SWIFT_STANDARD_LIBRARIES = YES;
				BUNDLE_LOADER = "$(TEST_HOST)";
				CODE_SIGN_STYLE = Automatic;
				CURRENT_PROJECT_VERSION = 1;
				GENERATE_INFOPLIST_FILE = YES;
				IPHONEOS_DEPLOYMENT_TARGET = 16.2;
				MACOSX_DEPLOYMENT_TARGET = 13.1;
				MARKETING_VERSION = 1.0;
				PRODUCT_BUNDLE_IDENTIFIER = "orlandomoraesmartins.Colors-RGBaTests";
				PRODUCT_NAME = "$(TARGET_NAME)";
				SDKROOT = auto;
				SUPPORTED_PLATFORMS = "iphoneos iphonesimulator macosx";
				SWIFT_EMIT_LOC_STRINGS = NO;
				SWIFT_VERSION = 5.0;
				TARGETED_DEVICE_FAMILY = "1,2";
				TEST_HOST = "$(BUILT_PRODUCTS_DIR)/Colors RGBa.app/$(BUNDLE_EXECUTABLE_FOLDER_PATH)/Colors RGBa";
			};
			name = Release;
		};
		852DA20E29526471000DBB7A /* Debug */ = {
			isa = XCBuildConfiguration;
			buildSettings = {
				ALWAYS_EMBED_SWIFT_STANDARD_LIBRARIES = YES;
				CODE_SIGN_STYLE = Automatic;
				CURRENT_PROJECT_VERSION = 1;
				GENERATE_INFOPLIST_FILE = YES;
				IPHONEOS_DEPLOYMENT_TARGET = 16.2;
				MACOSX_DEPLOYMENT_TARGET = 13.1;
				MARKETING_VERSION = 1.0;
				PRODUCT_BUNDLE_IDENTIFIER = "orlandomoraesmartins.Colors-RGBaUITests";
				PRODUCT_NAME = "$(TARGET_NAME)";
				SDKROOT = auto;
				SUPPORTED_PLATFORMS = "iphoneos iphonesimulator macosx";
				SWIFT_EMIT_LOC_STRINGS = NO;
				SWIFT_VERSION = 5.0;
				TARGETED_DEVICE_FAMILY = "1,2";
				TEST_TARGET_NAME = "Colors RGBa";
			};
			name = Debug;
		};
		852DA20F29526471000DBB7A /* Release */ = {
			isa = XCBuildConfiguration;
			buildSettings = {
				ALWAYS_EMBED_SWIFT_STANDARD_LIBRARIES = YES;
				CODE_SIGN_STYLE = Automatic;
				CURRENT_PROJECT_VERSION = 1;
				GENERATE_INFOPLIST_FILE = YES;
				IPHONEOS_DEPLOYMENT_TARGET = 16.2;
				MACOSX_DEPLOYMENT_TARGET = 13.1;
				MARKETING_VERSION = 1.0;
				PRODUCT_BUNDLE_IDENTIFIER = "orlandomoraesmartins.Colors-RGBaUITests";
				PRODUCT_NAME = "$(TARGET_NAME)";
				SDKROOT = auto;
				SUPPORTED_PLATFORMS = "iphoneos iphonesimulator macosx";
				SWIFT_EMIT_LOC_STRINGS = NO;
				SWIFT_VERSION = 5.0;
				TARGETED_DEVICE_FAMILY = "1,2";
				TEST_TARGET_NAME = "Colors RGBa";
			};
			name = Release;
		};
/* End XCBuildConfiguration section */

/* Begin XCConfigurationList section */
		852DA1DD2952646F000DBB7A /* Build configuration list for PBXProject "Colors RGBa" */ = {
			isa = XCConfigurationList;
			buildConfigurations = (
				852DA20529526471000DBB7A /* Debug */,
				852DA20629526471000DBB7A /* Release */,
			);
			defaultConfigurationIsVisible = 0;
			defaultConfigurationName = Release;
		};
		852DA20729526471000DBB7A /* Build configuration list for PBXNativeTarget "Colors RGBa" */ = {
			isa = XCConfigurationList;
			buildConfigurations = (
				852DA20829526471000DBB7A /* Debug */,
				852DA20929526471000DBB7A /* Release */,
			);
			defaultConfigurationIsVisible = 0;
			defaultConfigurationName = Release;
		};
		852DA20A29526471000DBB7A /* Build configuration list for PBXNativeTarget "Colors RGBaTests" */ = {
			isa = XCConfigurationList;
			buildConfigurations = (
				852DA20B29526471000DBB7A /* Debug */,
				852DA20C29526471000DBB7A /* Release */,
			);
			defaultConfigurationIsVisible = 0;
			defaultConfigurationName = Release;
		};
		852DA20D29526471000DBB7A /* Build configuration list for PBXNativeTarget "Colors RGBaUITests" */ = {
			isa = XCConfigurationList;
			buildConfigurations = (
				852DA20E29526471000DBB7A /* Debug */,
				852DA20F29526471000DBB7A /* Release */,
			);
			defaultConfigurationIsVisible = 0;
			defaultConfigurationName = Release;
		};
/* End XCConfigurationList section */
	};
	rootObject = 852DA1DA2952646F000DBB7A /* Project object */;
}
